
Microsoft Visual Studio Solution File, Format Version 12.00
# Visual Studio Version 16
VisualStudioVersion = 16.0.31112.23
MinimumVisualStudioVersion = 10.0.40219.1
Project("{FAE04EC0-301F-11D3-BF4B-00C04F79EFBC}") = "DependancyInjection_CRUD", "DependancyInjection_CRUD\DependancyInjection_CRUD.csproj", "{7B1006AB-4108-435B-A972-1D2232187836}"
EndProject
Project("{FAE04EC0-301F-11D3-BF4B-00C04F79EFBC}") = "BussineLogic", "BussineLogic\BussineLogic.csproj", "{5480601C-6E38-4BC6-B370-3ED405EB93FA}"
EndProject
Global
	GlobalSection(SolutionConfigurationPlatforms) = preSolution
		Debug|Any CPU = Debug|Any CPU
		Release|Any CPU = Release|Any CPU
	EndGlobalSection
	GlobalSection(ProjectConfigurationPlatforms) = postSolution
		{7B1006AB-4108-435B-A972-1D2232187836}.Debug|Any CPU.ActiveCfg = Debug|Any CPU
		{7B1006AB-4108-435B-A972-1D2232187836}.Debug|Any CPU.Build.0 = Debug|Any CPU
		{7B1006AB-4108-435B-A972-1D2232187836}.Release|Any CPU.ActiveCfg = Release|Any CPU
		{7B1006AB-4108-435B-A972-1D2232187836}.Release|Any CPU.Build.0 = Release|Any CPU
		{5480601C-6E38-4BC6-B370-3ED405EB93FA}.Debug|Any CPU.ActiveCfg = Debug|Any CPU
		{5480601C-6E38-4BC6-B370-3ED405EB93FA}.Debug|Any CPU.Build.0 = Debug|Any CPU
		{5480601C-6E38-4BC6-B370-3ED405EB93FA}.Release|Any CPU.ActiveCfg = Release|Any CPU
		{5480601C-6E38-4BC6-B370-3ED405EB93FA}.Release|Any CPU.Build.0 = Release|Any CPU
	EndGlobalSection
	GlobalSection(SolutionProperties) = preSolution
		HideSolutionNode = FALSE
	EndGlobalSection
	GlobalSection(ExtensibilityGlobals) = postSolution
		SolutionGuid = {6E4CEF7F-F10B-4F81-A3C8-9E96F88D62FF}
	EndGlobalSection
EndGlobal
