
Microsoft Visual Studio Solution File, Format Version 12.00
# Visual Studio Version 16
VisualStudioVersion = 16.0.30907.101
MinimumVisualStudioVersion = 10.0.40219.1
Project("{FAE04EC0-301F-11D3-BF4B-00C04F79EFBC}") = "ATM_Transaction_WebApp", "ATM_Transaction_WebApp\ATM_Transaction_WebApp.csproj", "{AE0F59EB-9CD2-4696-8084-45D1841628C7}"
EndProject
Global
	GlobalSection(SolutionConfigurationPlatforms) = preSolution
		Debug|Any CPU = Debug|Any CPU
		Release|Any CPU = Release|Any CPU
	EndGlobalSection
	GlobalSection(ProjectConfigurationPlatforms) = postSolution
		{AE0F59EB-9CD2-4696-8084-45D1841628C7}.Debug|Any CPU.ActiveCfg = Debug|Any CPU
		{AE0F59EB-9CD2-4696-8084-45D1841628C7}.Debug|Any CPU.Build.0 = Debug|Any CPU
		{AE0F59EB-9CD2-4696-8084-45D1841628C7}.Release|Any CPU.ActiveCfg = Release|Any CPU
		{AE0F59EB-9CD2-4696-8084-45D1841628C7}.Release|Any CPU.Build.0 = Release|Any CPU
	EndGlobalSection
	GlobalSection(SolutionProperties) = preSolution
		HideSolutionNode = FALSE
	EndGlobalSection
	GlobalSection(ExtensibilityGlobals) = postSolution
		SolutionGuid = {790023DD-5CA4-4B20-AFCD-E51D616A1AB9}
	EndGlobalSection
EndGlobal
