
Microsoft Visual Studio Solution File, Format Version 12.00
# Visual Studio Version 16
VisualStudioVersion = 16.0.31019.35
MinimumVisualStudioVersion = 10.0.40219.1
Project("{FAE04EC0-301F-11D3-BF4B-00C04F79EFBC}") = "Product_Sales_WebApp", "Product_Sales_WebApp\Product_Sales_WebApp.csproj", "{8234D9ED-3241-4606-92FC-7A883B8C96CF}"
EndProject
Global
	GlobalSection(SolutionConfigurationPlatforms) = preSolution
		Debug|Any CPU = Debug|Any CPU
		Release|Any CPU = Release|Any CPU
	EndGlobalSection
	GlobalSection(ProjectConfigurationPlatforms) = postSolution
		{8234D9ED-3241-4606-92FC-7A883B8C96CF}.Debug|Any CPU.ActiveCfg = Debug|Any CPU
		{8234D9ED-3241-4606-92FC-7A883B8C96CF}.Debug|Any CPU.Build.0 = Debug|Any CPU
		{8234D9ED-3241-4606-92FC-7A883B8C96CF}.Release|Any CPU.ActiveCfg = Release|Any CPU
		{8234D9ED-3241-4606-92FC-7A883B8C96CF}.Release|Any CPU.Build.0 = Release|Any CPU
	EndGlobalSection
	GlobalSection(SolutionProperties) = preSolution
		HideSolutionNode = FALSE
	EndGlobalSection
	GlobalSection(ExtensibilityGlobals) = postSolution
		SolutionGuid = {2326A4AE-1595-4673-A59A-833C5B6C4D11}
	EndGlobalSection
EndGlobal
