
Microsoft Visual Studio Solution File, Format Version 12.00
# Visual Studio Version 16
VisualStudioVersion = 16.0.31112.23
MinimumVisualStudioVersion = 10.0.40219.1
Project("{FAE04EC0-301F-11D3-BF4B-00C04F79EFBC}") = "MVCWithDb_EF", "MVCWithDb_EF\MVCWithDb_EF.csproj", "{83EBF02B-93D8-4929-BD80-A629C8A56F1D}"
EndProject
Project("{FAE04EC0-301F-11D3-BF4B-00C04F79EFBC}") = "EmpApp.Db", "EmpApp.Db\EmpApp.Db.csproj", "{964549EC-7D06-4E73-84DA-A5C5F47432CD}"
EndProject
Project("{FAE04EC0-301F-11D3-BF4B-00C04F79EFBC}") = "MyApp.Model", "MyApp.Model\MyApp.Model.csproj", "{F1A4EF23-2688-44FB-AFE1-EB9006B62B3A}"
EndProject
Global
	GlobalSection(SolutionConfigurationPlatforms) = preSolution
		Debug|Any CPU = Debug|Any CPU
		Release|Any CPU = Release|Any CPU
	EndGlobalSection
	GlobalSection(ProjectConfigurationPlatforms) = postSolution
		{83EBF02B-93D8-4929-BD80-A629C8A56F1D}.Debug|Any CPU.ActiveCfg = Debug|Any CPU
		{83EBF02B-93D8-4929-BD80-A629C8A56F1D}.Debug|Any CPU.Build.0 = Debug|Any CPU
		{83EBF02B-93D8-4929-BD80-A629C8A56F1D}.Release|Any CPU.ActiveCfg = Release|Any CPU
		{83EBF02B-93D8-4929-BD80-A629C8A56F1D}.Release|Any CPU.Build.0 = Release|Any CPU
		{964549EC-7D06-4E73-84DA-A5C5F47432CD}.Debug|Any CPU.ActiveCfg = Debug|Any CPU
		{964549EC-7D06-4E73-84DA-A5C5F47432CD}.Debug|Any CPU.Build.0 = Debug|Any CPU
		{964549EC-7D06-4E73-84DA-A5C5F47432CD}.Release|Any CPU.ActiveCfg = Release|Any CPU
		{964549EC-7D06-4E73-84DA-A5C5F47432CD}.Release|Any CPU.Build.0 = Release|Any CPU
		{F1A4EF23-2688-44FB-AFE1-EB9006B62B3A}.Debug|Any CPU.ActiveCfg = Debug|Any CPU
		{F1A4EF23-2688-44FB-AFE1-EB9006B62B3A}.Debug|Any CPU.Build.0 = Debug|Any CPU
		{F1A4EF23-2688-44FB-AFE1-EB9006B62B3A}.Release|Any CPU.ActiveCfg = Release|Any CPU
		{F1A4EF23-2688-44FB-AFE1-EB9006B62B3A}.Release|Any CPU.Build.0 = Release|Any CPU
	EndGlobalSection
	GlobalSection(SolutionProperties) = preSolution
		HideSolutionNode = FALSE
	EndGlobalSection
	GlobalSection(ExtensibilityGlobals) = postSolution
		SolutionGuid = {AB6CDEFA-E4D7-4D02-ADD8-22475EF8DA23}
	EndGlobalSection
EndGlobal
