
Microsoft Visual Studio Solution File, Format Version 12.00
# Visual Studio Version 16
VisualStudioVersion = 16.0.31112.23
MinimumVisualStudioVersion = 10.0.40219.1
Project("{FAE04EC0-301F-11D3-BF4B-00C04F79EFBC}") = "PassDatafromViewtoController", "PassDatafromViewtoController\PassDatafromViewtoController.csproj", "{FA06428E-53FA-4F22-885E-603304F3E169}"
EndProject
Global
	GlobalSection(SolutionConfigurationPlatforms) = preSolution
		Debug|Any CPU = Debug|Any CPU
		Release|Any CPU = Release|Any CPU
	EndGlobalSection
	GlobalSection(ProjectConfigurationPlatforms) = postSolution
		{FA06428E-53FA-4F22-885E-603304F3E169}.Debug|Any CPU.ActiveCfg = Debug|Any CPU
		{FA06428E-53FA-4F22-885E-603304F3E169}.Debug|Any CPU.Build.0 = Debug|Any CPU
		{FA06428E-53FA-4F22-885E-603304F3E169}.Release|Any CPU.ActiveCfg = Release|Any CPU
		{FA06428E-53FA-4F22-885E-603304F3E169}.Release|Any CPU.Build.0 = Release|Any CPU
	EndGlobalSection
	GlobalSection(SolutionProperties) = preSolution
		HideSolutionNode = FALSE
	EndGlobalSection
	GlobalSection(ExtensibilityGlobals) = postSolution
		SolutionGuid = {064ED1B7-31CC-4BE7-97AE-0CDFF0FFE337}
	EndGlobalSection
EndGlobal
